
Microsoft Visual Studio Solution File, Format Version 12.00
# Visual Studio Version 17
VisualStudioVersion = 17.11.35327.3
MinimumVisualStudioVersion = 10.0.40219.1
Project("{FAE04EC0-301F-11D3-BF4B-00C04F79EFBC}") = "Checkbox_Example", "Checkbox_Example\Checkbox_Example.csproj", "{7E763FDD-93FB-42BC-A148-98911F5A220A}"
EndProject
Global
	GlobalSection(SolutionConfigurationPlatforms) = preSolution
		Debug|Any CPU = Debug|Any CPU
		Release|Any CPU = Release|Any CPU
	EndGlobalSection
	GlobalSection(ProjectConfigurationPlatforms) = postSolution
		{7E763FDD-93FB-42BC-A148-98911F5A220A}.Debug|Any CPU.ActiveCfg = Debug|Any CPU
		{7E763FDD-93FB-42BC-A148-98911F5A220A}.Debug|Any CPU.Build.0 = Debug|Any CPU
		{7E763FDD-93FB-42BC-A148-98911F5A220A}.Release|Any CPU.ActiveCfg = Release|Any CPU
		{7E763FDD-93FB-42BC-A148-98911F5A220A}.Release|Any CPU.Build.0 = Release|Any CPU
	EndGlobalSection
	GlobalSection(SolutionProperties) = preSolution
		HideSolutionNode = FALSE
	EndGlobalSection
	GlobalSection(ExtensibilityGlobals) = postSolution
		SolutionGuid = {AAE7F646-23A9-44E1-BA6E-C03A39DBF04E}
	EndGlobalSection
EndGlobal
